
Microsoft Visual Studio Solution File, Format Version 12.00
# Visual Studio 14
VisualStudioVersion = 14.0.24720.0
MinimumVisualStudioVersion = 10.0.40219.1
Project("{FAE04EC0-301F-11D3-BF4B-00C04F79EFBC}") = "HelloService", "HelloSerevice\HelloService.csproj", "{57308EE4-2C9C-4315-A6D3-C9EE048D8562}"
EndProject
Project("{FAE04EC0-301F-11D3-BF4B-00C04F79EFBC}") = "HelloSeerviceHost", "HelloSeerviceHost\HelloSeerviceHost.csproj", "{D07081D4-C74B-48E4-9C6E-3EE67CB7430D}"
EndProject
Global
	GlobalSection(SolutionConfigurationPlatforms) = preSolution
		Debug|Any CPU = Debug|Any CPU
		Release|Any CPU = Release|Any CPU
	EndGlobalSection
	GlobalSection(ProjectConfigurationPlatforms) = postSolution
		{57308EE4-2C9C-4315-A6D3-C9EE048D8562}.Debug|Any CPU.ActiveCfg = Debug|Any CPU
		{57308EE4-2C9C-4315-A6D3-C9EE048D8562}.Debug|Any CPU.Build.0 = Debug|Any CPU
		{57308EE4-2C9C-4315-A6D3-C9EE048D8562}.Release|Any CPU.ActiveCfg = Release|Any CPU
		{57308EE4-2C9C-4315-A6D3-C9EE048D8562}.Release|Any CPU.Build.0 = Release|Any CPU
		{D07081D4-C74B-48E4-9C6E-3EE67CB7430D}.Debug|Any CPU.ActiveCfg = Debug|Any CPU
		{D07081D4-C74B-48E4-9C6E-3EE67CB7430D}.Debug|Any CPU.Build.0 = Debug|Any CPU
		{D07081D4-C74B-48E4-9C6E-3EE67CB7430D}.Release|Any CPU.ActiveCfg = Release|Any CPU
		{D07081D4-C74B-48E4-9C6E-3EE67CB7430D}.Release|Any CPU.Build.0 = Release|Any CPU
	EndGlobalSection
	GlobalSection(SolutionProperties) = preSolution
		HideSolutionNode = FALSE
	EndGlobalSection
EndGlobal
